
Microsoft Visual Studio Solution File, Format Version 12.00
# Visual Studio Version 17
VisualStudioVersion = 17.3.32922.545
MinimumVisualStudioVersion = 10.0.40219.1
Project("{9A19103F-16F7-4668-BE54-9A1E7A4F7556}") = "RoomBookingApp.Core.Tests", "RoomBookingApp.Core.Tests\RoomBookingApp.Core.Tests.csproj", "{23E41214-1A80-43FF-830F-AA7CE075B332}"
EndProject
Project("{FAE04EC0-301F-11D3-BF4B-00C04F79EFBC}") = "RoomBookingApp.Core", "RoomBookingApp.Core\RoomBookingApp.Core.csproj", "{453F3E3F-2A47-41A7-8584-A5F1814B91C9}"
EndProject
Global
	GlobalSection(SolutionConfigurationPlatforms) = preSolution
		Debug|Any CPU = Debug|Any CPU
		Release|Any CPU = Release|Any CPU
	EndGlobalSection
	GlobalSection(ProjectConfigurationPlatforms) = postSolution
		{23E41214-1A80-43FF-830F-AA7CE075B332}.Debug|Any CPU.ActiveCfg = Debug|Any CPU
		{23E41214-1A80-43FF-830F-AA7CE075B332}.Debug|Any CPU.Build.0 = Debug|Any CPU
		{23E41214-1A80-43FF-830F-AA7CE075B332}.Release|Any CPU.ActiveCfg = Release|Any CPU
		{23E41214-1A80-43FF-830F-AA7CE075B332}.Release|Any CPU.Build.0 = Release|Any CPU
		{453F3E3F-2A47-41A7-8584-A5F1814B91C9}.Debug|Any CPU.ActiveCfg = Debug|Any CPU
		{453F3E3F-2A47-41A7-8584-A5F1814B91C9}.Debug|Any CPU.Build.0 = Debug|Any CPU
		{453F3E3F-2A47-41A7-8584-A5F1814B91C9}.Release|Any CPU.ActiveCfg = Release|Any CPU
		{453F3E3F-2A47-41A7-8584-A5F1814B91C9}.Release|Any CPU.Build.0 = Release|Any CPU
	EndGlobalSection
	GlobalSection(SolutionProperties) = preSolution
		HideSolutionNode = FALSE
	EndGlobalSection
	GlobalSection(ExtensibilityGlobals) = postSolution
		SolutionGuid = {05B1385E-B580-4E45-8B26-120E6809EA19}
	EndGlobalSection
EndGlobal
